
Microsoft Visual Studio Solution File, Format Version 12.00
# Visual Studio Version 17
VisualStudioVersion = 17.11.35312.102
MinimumVisualStudioVersion = 10.0.40219.1
Project("{888888A0-9F3D-457C-B088-3A5042F75D52}") = "GENERATOR OF DATA", "GENERATOR OF DATA\GENERATOR OF DATA.pyproj", "{679E4CD0-9494-48DF-B877-C2A332F3C3A0}"
EndProject
Global
	GlobalSection(SolutionConfigurationPlatforms) = preSolution
		Debug|Any CPU = Debug|Any CPU
		Release|Any CPU = Release|Any CPU
	EndGlobalSection
	GlobalSection(ProjectConfigurationPlatforms) = postSolution
		{679E4CD0-9494-48DF-B877-C2A332F3C3A0}.Debug|Any CPU.ActiveCfg = Debug|Any CPU
		{679E4CD0-9494-48DF-B877-C2A332F3C3A0}.Release|Any CPU.ActiveCfg = Release|Any CPU
	EndGlobalSection
	GlobalSection(SolutionProperties) = preSolution
		HideSolutionNode = FALSE
	EndGlobalSection
	GlobalSection(ExtensibilityGlobals) = postSolution
		SolutionGuid = {A9D2B4A7-D2AA-4D26-B913-1BB936B6E264}
	EndGlobalSection
EndGlobal
